
Microsoft Visual Studio Solution File, Format Version 12.00
# Visual Studio Version 16
VisualStudioVersion = 16.0.31424.327
MinimumVisualStudioVersion = 10.0.40219.1
Project("{9A19103F-16F7-4668-BE54-9A1E7A4F7556}") = "central", "central.csproj", "{DA45C2C2-385D-46EF-BC5E-514B8A5E309E}"
EndProject
Global
	GlobalSection(SolutionConfigurationPlatforms) = preSolution
		Debug|Any CPU = Debug|Any CPU
		Release|Any CPU = Release|Any CPU
	EndGlobalSection
	GlobalSection(ProjectConfigurationPlatforms) = postSolution
		{DA45C2C2-385D-46EF-BC5E-514B8A5E309E}.Debug|Any CPU.ActiveCfg = Debug|Any CPU
		{DA45C2C2-385D-46EF-BC5E-514B8A5E309E}.Debug|Any CPU.Build.0 = Debug|Any CPU
		{DA45C2C2-385D-46EF-BC5E-514B8A5E309E}.Release|Any CPU.ActiveCfg = Release|Any CPU
		{DA45C2C2-385D-46EF-BC5E-514B8A5E309E}.Release|Any CPU.Build.0 = Release|Any CPU
	EndGlobalSection
	GlobalSection(SolutionProperties) = preSolution
		HideSolutionNode = FALSE
	EndGlobalSection
	GlobalSection(ExtensibilityGlobals) = postSolution
		SolutionGuid = {BD34AAB5-238F-4A13-879F-8EB707EFCCEB}
	EndGlobalSection
EndGlobal
